
Microsoft Visual Studio Solution File, Format Version 12.00
# Visual Studio Version 16
VisualStudioVersion = 16.0.30309.148
MinimumVisualStudioVersion = 10.0.40219.1
Project("{FAE04EC0-301F-11D3-BF4B-00C04F79EFBC}") = "BASICS", "BASICS.csproj", "{2A46F53E-EDE5-43FC-AF93-6FE7CFB4FDC4}"
EndProject
Global
	GlobalSection(SolutionConfigurationPlatforms) = preSolution
		Debug|Any CPU = Debug|Any CPU
		Release|Any CPU = Release|Any CPU
	EndGlobalSection
	GlobalSection(ProjectConfigurationPlatforms) = postSolution
		{2A46F53E-EDE5-43FC-AF93-6FE7CFB4FDC4}.Debug|Any CPU.ActiveCfg = Debug|Any CPU
		{2A46F53E-EDE5-43FC-AF93-6FE7CFB4FDC4}.Debug|Any CPU.Build.0 = Debug|Any CPU
		{2A46F53E-EDE5-43FC-AF93-6FE7CFB4FDC4}.Release|Any CPU.ActiveCfg = Release|Any CPU
		{2A46F53E-EDE5-43FC-AF93-6FE7CFB4FDC4}.Release|Any CPU.Build.0 = Release|Any CPU
	EndGlobalSection
	GlobalSection(SolutionProperties) = preSolution
		HideSolutionNode = FALSE
	EndGlobalSection
	GlobalSection(ExtensibilityGlobals) = postSolution
		SolutionGuid = {B04A1548-25C8-4F70-93CC-263A452AB77C}
	EndGlobalSection
EndGlobal
